# THIS IS AN AUTOGENERATED FILE. DO NOT EDIT THIS FILE DIRECTLY.
# yarn lockfile v1


"@types/node@*":
  version "14.11.10"
  resolved "https://registry.npm.taobao.org/@types/node/download/@types/node-14.11.10.tgz?cache=0&sync_timestamp=1602874228094&other_urls=https%3A%2F%2Fregistry.npm.taobao.org%2F%40types%2Fnode%2Fdownload%2F%40types%2Fnode-14.11.10.tgz#8c102aba13bf5253f35146affbf8b26275069bef"
  integrity sha1-jBAquhO/UlPzUUav+/iyYnUGm+8=

"@vercel/node@^1.7.1":
  version "1.8.4"
  resolved "https://registry.npm.taobao.org/@vercel/node/download/@vercel/node-1.8.4.tgz#43bbc2e39f97979390e0f968952bba4ebfdcb22e"
  integrity sha1-Q7vC45+Xl5OQ4PlolSu6Tr/csi4=
  dependencies:
    "@types/node" "*"
    ts-node "8.9.1"
    typescript "3.9.3"

abort-controller@^3.0.0:
  version "3.0.0"
  resolved "https://registry.npm.taobao.org/abort-controller/download/abort-controller-3.0.0.tgz#eaf54d53b62bae4138e809ca225c8439a6efb392"
  integrity sha1-6vVNU7YrrkE46AnKIlyEOabvs5I=
  dependencies:
    event-target-shim "^5.0.0"

agent-base@6:
  version "6.0.1"
  resolved "https://registry.npm.taobao.org/agent-base/download/agent-base-6.0.1.tgz#808007e4e5867decb0ab6ab2f928fbdb5a596db4"
  integrity sha1-gIAH5OWGfeywq2qy+Sj721pZbbQ=
  dependencies:
    debug "4"

arg@^4.1.0:
  version "4.1.3"
  resolved "https://registry.npm.taobao.org/arg/download/arg-4.1.3.tgz#269fc7ad5b8e42cb63c896d5666017261c144089"
  integrity sha1-Jp/HrVuOQstjyJbVZmAXJhwUQIk=

arrify@^2.0.0:
  version "2.0.1"
  resolved "https://registry.npm.taobao.org/arrify/download/arrify-2.0.1.tgz?cache=0&sync_timestamp=1589684737833&other_urls=https%3A%2F%2Fregistry.npm.taobao.org%2Farrify%2Fdownload%2Farrify-2.0.1.tgz#c9655e9331e0abcd588d2a7cad7e9956f66701fa"
  integrity sha1-yWVekzHgq81YjSp8rX6ZVvZnAfo=

base64-js@^1.3.0:
  version "1.3.1"
  resolved "https://registry.npm.taobao.org/base64-js/download/base64-js-1.3.1.tgz?cache=0&sync_timestamp=1599054234315&other_urls=https%3A%2F%2Fregistry.npm.taobao.org%2Fbase64-js%2Fdownload%2Fbase64-js-1.3.1.tgz#58ece8cb75dd07e71ed08c736abc5fac4dbf8df1"
  integrity sha1-WOzoy3XdB+ce0IxzarxfrE2/jfE=

bignumber.js@^9.0.0:
  version "9.0.1"
  resolved "https://registry.npm.taobao.org/bignumber.js/download/bignumber.js-9.0.1.tgz#8d7ba124c882bfd8e43260c67475518d0689e4e5"
  integrity sha1-jXuhJMiCv9jkMmDGdHVRjQaJ5OU=

buffer-equal-constant-time@1.0.1:
  version "1.0.1"
  resolved "https://registry.npm.taobao.org/buffer-equal-constant-time/download/buffer-equal-constant-time-1.0.1.tgz#f8e71132f7ffe6e01a5c9697a4c6f3e48d5cc819"
  integrity sha1-+OcRMvf/5uAaXJaXpMbz5I1cyBk=

buffer-from@^1.0.0:
  version "1.1.1"
  resolved "https://registry.npm.taobao.org/buffer-from/download/buffer-from-1.1.1.tgz#32713bc028f75c02fdb710d7c7bcec1f2c6070ef"
  integrity sha1-MnE7wCj3XAL9txDXx7zsHyxgcO8=

debug@4:
  version "4.2.0"
  resolved "https://registry.npm.taobao.org/debug/download/debug-4.2.0.tgz?cache=0&sync_timestamp=1600502894812&other_urls=https%3A%2F%2Fregistry.npm.taobao.org%2Fdebug%2Fdownload%2Fdebug-4.2.0.tgz#7f150f93920e94c58f5574c2fd01a3110effe7f1"
  integrity sha1-fxUPk5IOlMWPVXTC/QGjEQ7/5/E=
  dependencies:
    ms "2.1.2"

diff@^4.0.1:
  version "4.0.2"
  resolved "https://registry.npm.taobao.org/diff/download/diff-4.0.2.tgz#60f3aecb89d5fae520c11aa19efc2bb982aade7d"
  integrity sha1-YPOuy4nV+uUgwRqhnvwruYKq3n0=

ecdsa-sig-formatter@1.0.11, ecdsa-sig-formatter@^1.0.11:
  version "1.0.11"
  resolved "https://registry.npm.taobao.org/ecdsa-sig-formatter/download/ecdsa-sig-formatter-1.0.11.tgz#ae0f0fa2d85045ef14a817daa3ce9acd0489e5bf"
  integrity sha1-rg8PothQRe8UqBfao86azQSJ5b8=
  dependencies:
    safe-buffer "^5.0.1"

event-target-shim@^5.0.0:
  version "5.0.1"
  resolved "https://registry.npm.taobao.org/event-target-shim/download/event-target-shim-5.0.1.tgz#5d4d3ebdf9583d63a5333ce2deb7480ab2b05789"
  integrity sha1-XU0+vflYPWOlMzzi3rdICrKwV4k=

extend@^3.0.2:
  version "3.0.2"
  resolved "https://registry.npm.taobao.org/extend/download/extend-3.0.2.tgz?cache=0&sync_timestamp=1589682707348&other_urls=https%3A%2F%2Fregistry.npm.taobao.org%2Fextend%2Fdownload%2Fextend-3.0.2.tgz#f8b1136b4071fbd8eb140aff858b1019ec2915fa"
  integrity sha1-+LETa0Bx+9jrFAr/hYsQGewpFfo=

fast-text-encoding@^1.0.0:
  version "1.0.3"
  resolved "https://registry.npm.taobao.org/fast-text-encoding/download/fast-text-encoding-1.0.3.tgz#ec02ac8e01ab8a319af182dae2681213cfe9ce53"
  integrity sha1-7AKsjgGrijGa8YLa4mgSE8/pzlM=

gaxios@^3.0.0, gaxios@^3.2.0:
  version "3.2.0"
  resolved "https://registry.npm.taobao.org/gaxios/download/gaxios-3.2.0.tgz#11b6f0e8fb08d94a10d4d58b044ad3bec6dd486a"
  integrity sha1-Ebbw6PsI2UoQ1NWLBErTvsbdSGo=
  dependencies:
    abort-controller "^3.0.0"
    extend "^3.0.2"
    https-proxy-agent "^5.0.0"
    is-stream "^2.0.0"
    node-fetch "^2.3.0"

gcp-metadata@^4.1.0:
  version "4.2.0"
  resolved "https://registry.npm.taobao.org/gcp-metadata/download/gcp-metadata-4.2.0.tgz#3b424355ccdc240ee07c5791e2fd6a60a283d89a"
  integrity sha1-O0JDVczcJA7gfFeR4v1qYKKD2Jo=
  dependencies:
    gaxios "^3.0.0"
    json-bigint "^1.0.0"

google-auth-library@^6.0.0:
  version "6.1.1"
  resolved "https://registry.npm.taobao.org/google-auth-library/download/google-auth-library-6.1.1.tgz#e1882ac22e8a073dd7a7296e500d5c0c6dc21933"
  integrity sha1-4Ygqwi6KBz3XpyluUA1cDG3CGTM=
  dependencies:
    arrify "^2.0.0"
    base64-js "^1.3.0"
    ecdsa-sig-formatter "^1.0.11"
    fast-text-encoding "^1.0.0"
    gaxios "^3.0.0"
    gcp-metadata "^4.1.0"
    gtoken "^5.0.4"
    jws "^4.0.0"
    lru-cache "^6.0.0"

google-p12-pem@^3.0.3:
  version "3.0.3"
  resolved "https://registry.npm.taobao.org/google-p12-pem/download/google-p12-pem-3.0.3.tgz#673ac3a75d3903a87f05878f3c75e06fc151669e"
  integrity sha1-ZzrDp105A6h/BYePPHXgb8FRZp4=
  dependencies:
    node-forge "^0.10.0"

googleapis-common@^4.3.0:
  version "4.4.1"
  resolved "https://registry.npm.taobao.org/googleapis-common/download/googleapis-common-4.4.1.tgz#ded785eefdbe629b313f566c3049d5613ae7a9ac"
  integrity sha1-3teF7v2+YpsxP1ZsMEnVYTrnqaw=
  dependencies:
    extend "^3.0.2"
    gaxios "^3.2.0"
    google-auth-library "^6.0.0"
    qs "^6.7.0"
    url-template "^2.0.8"
    uuid "^8.0.0"

googleapis@^52.1.0:
  version "52.1.0"
  resolved "https://registry.npm.taobao.org/googleapis/download/googleapis-52.1.0.tgz#d9480469c3021d8ca0bc98bef5b785dde2eb3648"
  integrity sha1-2UgEacMCHYygvJi+9beF3eLrNkg=
  dependencies:
    google-auth-library "^6.0.0"
    googleapis-common "^4.3.0"

gtoken@^5.0.4:
  version "5.0.4"
  resolved "https://registry.npm.taobao.org/gtoken/download/gtoken-5.0.4.tgz#e8d7456ad2ff774c70176e56b9d34b1c63fb6f0b"
  integrity sha1-6NdFatL/d0xwF25WudNLHGP7bws=
  dependencies:
    gaxios "^3.0.0"
    google-p12-pem "^3.0.3"
    jws "^4.0.0"
    mime "^2.2.0"

https-proxy-agent@^5.0.0:
  version "5.0.0"
  resolved "https://registry.npm.taobao.org/https-proxy-agent/download/https-proxy-agent-5.0.0.tgz#e2a90542abb68a762e0a0850f6c9edadfd8506b2"
  integrity sha1-4qkFQqu2inYuCghQ9sntrf2FBrI=
  dependencies:
    agent-base "6"
    debug "4"

is-stream@^2.0.0:
  version "2.0.0"
  resolved "https://registry.npm.taobao.org/is-stream/download/is-stream-2.0.0.tgz#bde9c32680d6fae04129d6ac9d921ce7815f78e3"
  integrity sha1-venDJoDW+uBBKdasnZIc54FfeOM=

json-bigint@^1.0.0:
  version "1.0.0"
  resolved "https://registry.npm.taobao.org/json-bigint/download/json-bigint-1.0.0.tgz?cache=0&sync_timestamp=1594724560937&other_urls=https%3A%2F%2Fregistry.npm.taobao.org%2Fjson-bigint%2Fdownload%2Fjson-bigint-1.0.0.tgz#ae547823ac0cad8398667f8cd9ef4730f5b01ff1"
  integrity sha1-rlR4I6wMrYOYZn+M2e9HMPWwH/E=
  dependencies:
    bignumber.js "^9.0.0"

jwa@^2.0.0:
  version "2.0.0"
  resolved "https://registry.npm.taobao.org/jwa/download/jwa-2.0.0.tgz#a7e9c3f29dae94027ebcaf49975c9345593410fc"
  integrity sha1-p+nD8p2ulAJ+vK9Jl1yTRVk0EPw=
  dependencies:
    buffer-equal-constant-time "1.0.1"
    ecdsa-sig-formatter "1.0.11"
    safe-buffer "^5.0.1"

jws@^4.0.0:
  version "4.0.0"
  resolved "https://registry.npm.taobao.org/jws/download/jws-4.0.0.tgz#2d4e8cf6a318ffaa12615e9dec7e86e6c97310f4"
  integrity sha1-LU6M9qMY/6oSYV6d7H6G5slzEPQ=
  dependencies:
    jwa "^2.0.0"
    safe-buffer "^5.0.1"

lru-cache@^6.0.0:
  version "6.0.0"
  resolved "https://registry.npm.taobao.org/lru-cache/download/lru-cache-6.0.0.tgz?cache=0&sync_timestamp=1594427582110&other_urls=https%3A%2F%2Fregistry.npm.taobao.org%2Flru-cache%2Fdownload%2Flru-cache-6.0.0.tgz#6d6fe6570ebd96aaf90fcad1dafa3b2566db3a94"
  integrity sha1-bW/mVw69lqr5D8rR2vo7JWbbOpQ=
  dependencies:
    yallist "^4.0.0"

make-error@^1.1.1:
  version "1.3.6"
  resolved "https://registry.npm.taobao.org/make-error/download/make-error-1.3.6.tgz#2eb2e37ea9b67c4891f684a1394799af484cf7a2"
  integrity sha1-LrLjfqm2fEiR9oShOUeZr0hM96I=

mime@^2.2.0:
  version "2.4.6"
  resolved "https://registry.npm.taobao.org/mime/download/mime-2.4.6.tgz?cache=0&sync_timestamp=1590635592890&other_urls=https%3A%2F%2Fregistry.npm.taobao.org%2Fmime%2Fdownload%2Fmime-2.4.6.tgz#e5b407c90db442f2beb5b162373d07b69affa4d1"
  integrity sha1-5bQHyQ20QvK+tbFiNz0Htpr/pNE=

ms@2.1.2:
  version "2.1.2"
  resolved "https://registry.npm.taobao.org/ms/download/ms-2.1.2.tgz#d09d1f357b443f493382a8eb3ccd183872ae6009"
  integrity sha1-0J0fNXtEP0kzgqjrPM0YOHKuYAk=

node-fetch@^2.3.0:
  version "2.6.1"
  resolved "https://registry.npm.taobao.org/node-fetch/download/node-fetch-2.6.1.tgz?cache=0&sync_timestamp=1599309179354&other_urls=https%3A%2F%2Fregistry.npm.taobao.org%2Fnode-fetch%2Fdownload%2Fnode-fetch-2.6.1.tgz#045bd323631f76ed2e2b55573394416b639a0052"
  integrity sha1-BFvTI2Mfdu0uK1VXM5RBa2OaAFI=

node-forge@^0.10.0:
  version "0.10.0"
  resolved "https://registry.npm.taobao.org/node-forge/download/node-forge-0.10.0.tgz?cache=0&sync_timestamp=1599010773454&other_urls=https%3A%2F%2Fregistry.npm.taobao.org%2Fnode-forge%2Fdownload%2Fnode-forge-0.10.0.tgz#32dea2afb3e9926f02ee5ce8794902691a676bf3"
  integrity sha1-Mt6ir7Ppkm8C7lzoeUkCaRpna/M=

qs@^6.7.0:
  version "6.9.4"
  resolved "https://registry.npm.taobao.org/qs/download/qs-6.9.4.tgz#9090b290d1f91728d3c22e54843ca44aea5ab687"
  integrity sha1-kJCykNH5FyjTwi5UhDykSupatoc=

safe-buffer@^5.0.1:
  version "5.2.1"
  resolved "https://registry.npm.taobao.org/safe-buffer/download/safe-buffer-5.2.1.tgz?cache=0&sync_timestamp=1589682795646&other_urls=https%3A%2F%2Fregistry.npm.taobao.org%2Fsafe-buffer%2Fdownload%2Fsafe-buffer-5.2.1.tgz#1eaf9fa9bdb1fdd4ec75f58f9cdb4e6b7827eec6"
  integrity sha1-Hq+fqb2x/dTsdfWPnNtOa3gn7sY=

source-map-support@^0.5.17:
  version "0.5.19"
  resolved "https://registry.npm.taobao.org/source-map-support/download/source-map-support-0.5.19.tgz?cache=0&sync_timestamp=1589682814927&other_urls=https%3A%2F%2Fregistry.npm.taobao.org%2Fsource-map-support%2Fdownload%2Fsource-map-support-0.5.19.tgz#a98b62f86dcaf4f67399648c085291ab9e8fed61"
  integrity sha1-qYti+G3K9PZzmWSMCFKRq56P7WE=
  dependencies:
    buffer-from "^1.0.0"
    source-map "^0.6.0"

source-map@^0.6.0:
  version "0.6.1"
  resolved "https://registry.npm.taobao.org/source-map/download/source-map-0.6.1.tgz?cache=0&sync_timestamp=1589682764497&other_urls=https%3A%2F%2Fregistry.npm.taobao.org%2Fsource-map%2Fdownload%2Fsource-map-0.6.1.tgz#74722af32e9614e9c287a8d0bbde48b5e2f1a263"
  integrity sha1-dHIq8y6WFOnCh6jQu95IteLxomM=

ts-node@8.9.1:
  version "8.9.1"
  resolved "https://registry.npm.taobao.org/ts-node/download/ts-node-8.9.1.tgz?cache=0&sync_timestamp=1598040497631&other_urls=https%3A%2F%2Fregistry.npm.taobao.org%2Fts-node%2Fdownload%2Fts-node-8.9.1.tgz#2f857f46c47e91dcd28a14e052482eb14cfd65a5"
  integrity sha1-L4V/RsR+kdzSihTgUkgusUz9ZaU=
  dependencies:
    arg "^4.1.0"
    diff "^4.0.1"
    make-error "^1.1.1"
    source-map-support "^0.5.17"
    yn "3.1.1"

typescript@3.9.3:
  version "3.9.3"
  resolved "https://registry.npm.taobao.org/typescript/download/typescript-3.9.3.tgz?cache=0&sync_timestamp=1602919023095&other_urls=https%3A%2F%2Fregistry.npm.taobao.org%2Ftypescript%2Fdownload%2Ftypescript-3.9.3.tgz#d3ac8883a97c26139e42df5e93eeece33d610b8a"
  integrity sha1-06yIg6l8JhOeQt9ek+7s4z1hC4o=

url-template@^2.0.8:
  version "2.0.8"
  resolved "https://registry.npm.taobao.org/url-template/download/url-template-2.0.8.tgz#fc565a3cccbff7730c775f5641f9555791439f21"
  integrity sha1-/FZaPMy/93MMd19WQflVV5FDnyE=

uuid@^8.0.0:
  version "8.3.1"
  resolved "https://registry.npm.taobao.org/uuid/download/uuid-8.3.1.tgz#2ba2e6ca000da60fce5a196954ab241131e05a31"
  integrity sha1-K6LmygANpg/OWhlpVKskETHgWjE=

yallist@^4.0.0:
  version "4.0.0"
  resolved "https://registry.npm.taobao.org/yallist/download/yallist-4.0.0.tgz#9bb92790d9c0effec63be73519e11a35019a3a72"
  integrity sha1-m7knkNnA7/7GO+c1GeEaNQGaOnI=

yn@3.1.1:
  version "3.1.1"
  resolved "https://registry.npm.taobao.org/yn/download/yn-3.1.1.tgz#1e87401a09d767c1d5eab26a6e4c185182d2eb50"
  integrity sha1-HodAGgnXZ8HV6rJqbkwYUYLS61A=
